
Microsoft Visual Studio Solution File, Format Version 12.00
# Visual Studio Version 17
VisualStudioVersion = 17.4.33110.190
MinimumVisualStudioVersion = 10.0.40219.1
Project("{9A19103F-16F7-4668-BE54-9A1E7A4F7556}") = "DataUpdate", "DataUpdate\DataUpdate.csproj", "{AC31B036-448F-4C2B-9BEE-74EC24DB2819}"
EndProject
Project("{9A19103F-16F7-4668-BE54-9A1E7A4F7556}") = "DataDelete", "DataDelete\DataDelete.csproj", "{47468411-61B3-405B-9919-D04391EED0DD}"
EndProject
Project("{9A19103F-16F7-4668-BE54-9A1E7A4F7556}") = "Quering", "Quering\Quering.csproj", "{0DBD3A32-6DD7-48BB-9900-D12C1EA1F733}"
EndProject
Project("{9A19103F-16F7-4668-BE54-9A1E7A4F7556}") = "ChangeTracker", "ChangeTracker\ChangeTracker.csproj", "{B083E3CE-C6B6-4E2A-AD3C-FE7EB55C0415}"
EndProject
Project("{9A19103F-16F7-4668-BE54-9A1E7A4F7556}") = "Tracking", "Tracking\Tracking.csproj", "{F089EA2B-6F07-4DAC-9BB3-2C3F01F80B3C}"
EndProject
Project("{9A19103F-16F7-4668-BE54-9A1E7A4F7556}") = "Relationships", "Relationships\Relationships.csproj", "{0DDA5B0D-4FCF-4F44-9FE3-FBFB06803116}"
EndProject
Project("{9A19103F-16F7-4668-BE54-9A1E7A4F7556}") = "One_to_One_Relationship", "One_to_One_Relationship\One_to_One_Relationship.csproj", "{091B3C9E-708C-4ECF-9666-C0A070C46300}"
EndProject
Project("{9A19103F-16F7-4668-BE54-9A1E7A4F7556}") = "One_to_Many_Relationship", "One_to_Many_Relationship\One_to_Many_Relationship.csproj", "{86437C94-FB80-4099-BA19-10CE3440DD51}"
EndProject
Project("{9A19103F-16F7-4668-BE54-9A1E7A4F7556}") = "Many_to_Many_Relationship", "Many_to_Many_Relationship\Many_to_Many_Relationship.csproj", "{F55ADD41-600C-4773-9671-467DA795D20D}"
EndProject
Project("{9A19103F-16F7-4668-BE54-9A1E7A4F7556}") = "Saving_Related_Data", "Saving_Related_Data\Saving_Related_Data.csproj", "{A236B472-44D8-4BBD-9D5C-D43EE5F2AB7B}"
EndProject
Project("{9A19103F-16F7-4668-BE54-9A1E7A4F7556}") = "Updating_Releted_Data", "Updating_Releted_Data\Updating_Releted_Data.csproj", "{8AF0E36B-5594-4916-8102-97EB690B004F}"
EndProject
Project("{9A19103F-16F7-4668-BE54-9A1E7A4F7556}") = "Deleting_Releated_Data", "Deleting_Releated_Data\Deleting_Releated_Data.csproj", "{1AD872C4-F5DC-4BA1-9AE4-C9E8CC3CA6B0}"
EndProject
Project("{9A19103F-16F7-4668-BE54-9A1E7A4F7556}") = "Backing_Fields", "Backing_Fields\Backing_Fields.csproj", "{6BE7E38C-854B-4812-8004-EF72EE0D90C7}"
EndProject
Project("{9A19103F-16F7-4668-BE54-9A1E7A4F7556}") = "Shadow_Properties", "Shadow_Properties\Shadow_Properties.csproj", "{F1DDF893-9BF3-4574-9BB2-8554FBD6ADFE}"
EndProject
Project("{9A19103F-16F7-4668-BE54-9A1E7A4F7556}") = "EF_Core_Configurations", "EF_Core_Configurations\EF_Core_Configurations.csproj", "{EE50784A-ECE5-4754-A293-526934D2C69A}"
EndProject
Project("{9A19103F-16F7-4668-BE54-9A1E7A4F7556}") = "Separate_Configuration_Classes", "Separate_Configuration_Classes\Separate_Configuration_Classes.csproj", "{5C190239-1099-464F-85E2-40DA1FB73DDD}"
EndProject
Project("{9A19103F-16F7-4668-BE54-9A1E7A4F7556}") = "Data_Seeding", "Data_Seeding\Data_Seeding.csproj", "{D3D58ECC-5E0C-447D-ABB4-FBD05EB2F1FE}"
EndProject
Project("{9A19103F-16F7-4668-BE54-9A1E7A4F7556}") = "Inheritance_Table_Per_Hierarchy", "Inheritance_Table_Per_Hierarchy\Inheritance_Table_Per_Hierarchy.csproj", "{9B595FE4-7A80-4C32-98D7-72787E90EA05}"
EndProject
Project("{9A19103F-16F7-4668-BE54-9A1E7A4F7556}") = "Inheritance_Table_Per_Type", "Inheritance_Table_Per_Type\Inheritance_Table_Per_Type.csproj", "{D14326E6-4037-4C79-93E9-CCEF7AF15320}"
EndProject
Project("{9A19103F-16F7-4668-BE54-9A1E7A4F7556}") = "Inheritance_Table_Per_Concrate_Type", "Inheritance_Table_Per_Concrate_Type\Inheritance_Table_Per_Concrate_Type.csproj", "{E7CCD884-1D55-4CE4-8EC5-8D4841B040B8}"
EndProject
Project("{9A19103F-16F7-4668-BE54-9A1E7A4F7556}") = "Constraints", "Constraints\Constraints.csproj", "{CF9237E3-3B0C-4F59-AD70-9C6E4C73BB96}"
EndProject
Project("{9A19103F-16F7-4668-BE54-9A1E7A4F7556}") = "Indexes", "Indexes\Indexes.csproj", "{C925B288-B3D0-4D5E-BE2C-202597B76648}"
EndProject
Project("{9A19103F-16F7-4668-BE54-9A1E7A4F7556}") = "Sequences", "Sequences\Sequences.csproj", "{D2AFF70B-5CA5-4896-B8E9-2B98B17BAC01}"
EndProject
Project("{9A19103F-16F7-4668-BE54-9A1E7A4F7556}") = "Loading_Related_Data", "Loading_Related_Data\Loading_Related_Data.csproj", "{41DAF362-377D-44D0-937B-BC290A9DC6E8}"
EndProject
Project("{9A19103F-16F7-4668-BE54-9A1E7A4F7556}") = "Lazy_Loading", "Lazy_Loading\Lazy_Loading.csproj", "{627ACBAD-8B9E-472F-96EC-99AB50864D16}"
EndProject
Project("{9A19103F-16F7-4668-BE54-9A1E7A4F7556}") = "Complex_Relational_Queries", "Complex_Relational_Queries\Complex_Relational_Queries.csproj", "{B1C902CF-22E2-48B0-8265-99D5753B75B7}"
EndProject
Project("{9A19103F-16F7-4668-BE54-9A1E7A4F7556}") = "Sql_Queries", "Sql_Queries\Sql_Queries.csproj", "{814B1A1E-03B1-486E-9640-AEB3F61C8830}"
EndProject
Project("{9A19103F-16F7-4668-BE54-9A1E7A4F7556}") = "Generated_Values_2", "Generated_Values_2\Generated_Values_2.csproj", "{A987199F-9B41-4461-841A-E3D1EA1A6F30}"
EndProject
Project("{9A19103F-16F7-4668-BE54-9A1E7A4F7556}") = "Views", "Views\Views.csproj", "{F40C2FA4-686B-422A-A9BB-1C7AF67D39E2}"
EndProject
Project("{9A19103F-16F7-4668-BE54-9A1E7A4F7556}") = "Stored_Procedures", "Stored_Procedures\Stored_Procedures.csproj", "{4BCEA05D-E0DD-47E8-8970-255B4691BDB3}"
EndProject
Project("{9A19103F-16F7-4668-BE54-9A1E7A4F7556}") = "Functions", "Functions\Functions.csproj", "{60D2B921-4CD9-4EF7-95F1-6DECDB9B92D5}"
EndProject
Project("{9A19103F-16F7-4668-BE54-9A1E7A4F7556}") = "AdoNet", "AdoNet\AdoNet.csproj", "{8CFCCA50-D2E6-4954-910D-C2D44BFCBB41}"
EndProject
Project("{9A19103F-16F7-4668-BE54-9A1E7A4F7556}") = "KeylessEntityTypes", "KeylesEntityTypes\KeylessEntityTypes.csproj", "{AACB747A-AF1F-4634-BC3C-01E28D6B0D3B}"
EndProject
Project("{9A19103F-16F7-4668-BE54-9A1E7A4F7556}") = "Logging", "Logging\Logging.csproj", "{5261E367-CA0B-4A74-B41F-9BD33E1D3448}"
EndProject
Project("{9A19103F-16F7-4668-BE54-9A1E7A4F7556}") = "QueryLog", "QueryLog\QueryLog.csproj", "{ED44D6B9-4F29-47B4-8E14-9FD13A53D70B}"
EndProject
Project("{9A19103F-16F7-4668-BE54-9A1E7A4F7556}") = "QueryTag", "QueryTag\QueryTag.csproj", "{D83E3515-2452-440B-BF32-C05B2518CF08}"
EndProject
Project("{9A19103F-16F7-4668-BE54-9A1E7A4F7556}") = "GlobalQueryFilters", "GlobalQueryFilters\GlobalQueryFilters.csproj", "{072CF827-80A1-43A7-9662-1D432543EA81}"
EndProject
Project("{9A19103F-16F7-4668-BE54-9A1E7A4F7556}") = "OwnedEntitiesAndTableSplitting", "OwnedEntitiesAndTableSplitting\OwnedEntitiesAndTableSplitting.csproj", "{79F71AF9-5748-4B83-8E72-C3FBC1475ED9}"
EndProject
Project("{9A19103F-16F7-4668-BE54-9A1E7A4F7556}") = "TemporalTables", "TemprolTables\TemporalTables.csproj", "{AEC5C168-57FE-49C1-BDDE-3707553959B6}"
EndProject
Project("{9A19103F-16F7-4668-BE54-9A1E7A4F7556}") = "Connection_Resiliency", "Connection_Resiliency\Connection_Resiliency.csproj", "{1DA7FBAD-55B8-4922-8B28-B9B2147905F1}"
EndProject
Project("{9A19103F-16F7-4668-BE54-9A1E7A4F7556}") = "DataConcurrency", "DataConcurrency\DataConcurrency.csproj", "{2199E536-6A62-44B8-82C0-AA74E19DA964}"
EndProject
Project("{9A19103F-16F7-4668-BE54-9A1E7A4F7556}") = "Value_Conversions", "Value_Conversions\Value_Conversions.csproj", "{87BADB5A-C9C1-47FF-9641-5F507E8FBA6C}"
EndProject
Project("{9A19103F-16F7-4668-BE54-9A1E7A4F7556}") = "Transaction", "Transaction\Transaction.csproj", "{979602B1-E478-4F91-AE39-810AD27B7B60}"
EndProject
Project("{9A19103F-16F7-4668-BE54-9A1E7A4F7556}") = "InMemoryDatabase", "InMemoryDatabase\InMemoryDatabase.csproj", "{1C43AB27-8590-4B6A-AFBB-F9C13394C804}"
EndProject
Project("{FAE04EC0-301F-11D3-BF4B-00C04F79EFBC}") = "EfficientQuering", "SelectSorgularınıGüçlendirmeTeknikleri\EfficientQuering.csproj", "{CCADD469-0BE7-451D-BF84-8196A45B6C05}"
EndProject
Project("{FAE04EC0-301F-11D3-BF4B-00C04F79EFBC}") = "EFC_7NewBulkUpdateAndDelete", "EFC_7NewBulkUpdateAndDelete\EFC_7NewBulkUpdateAndDelete.csproj", "{38571225-F96F-4948-9299-D8F95EAE0FE7}"
EndProject
Global
	GlobalSection(SolutionConfigurationPlatforms) = preSolution
		Debug|Any CPU = Debug|Any CPU
		Release|Any CPU = Release|Any CPU
	EndGlobalSection
	GlobalSection(ProjectConfigurationPlatforms) = postSolution
		{AC31B036-448F-4C2B-9BEE-74EC24DB2819}.Debug|Any CPU.ActiveCfg = Debug|Any CPU
		{AC31B036-448F-4C2B-9BEE-74EC24DB2819}.Debug|Any CPU.Build.0 = Debug|Any CPU
		{AC31B036-448F-4C2B-9BEE-74EC24DB2819}.Release|Any CPU.ActiveCfg = Release|Any CPU
		{AC31B036-448F-4C2B-9BEE-74EC24DB2819}.Release|Any CPU.Build.0 = Release|Any CPU
		{47468411-61B3-405B-9919-D04391EED0DD}.Debug|Any CPU.ActiveCfg = Debug|Any CPU
		{47468411-61B3-405B-9919-D04391EED0DD}.Debug|Any CPU.Build.0 = Debug|Any CPU
		{47468411-61B3-405B-9919-D04391EED0DD}.Release|Any CPU.ActiveCfg = Release|Any CPU
		{47468411-61B3-405B-9919-D04391EED0DD}.Release|Any CPU.Build.0 = Release|Any CPU
		{0DBD3A32-6DD7-48BB-9900-D12C1EA1F733}.Debug|Any CPU.ActiveCfg = Debug|Any CPU
		{0DBD3A32-6DD7-48BB-9900-D12C1EA1F733}.Debug|Any CPU.Build.0 = Debug|Any CPU
		{0DBD3A32-6DD7-48BB-9900-D12C1EA1F733}.Release|Any CPU.ActiveCfg = Release|Any CPU
		{0DBD3A32-6DD7-48BB-9900-D12C1EA1F733}.Release|Any CPU.Build.0 = Release|Any CPU
		{B083E3CE-C6B6-4E2A-AD3C-FE7EB55C0415}.Debug|Any CPU.ActiveCfg = Debug|Any CPU
		{B083E3CE-C6B6-4E2A-AD3C-FE7EB55C0415}.Debug|Any CPU.Build.0 = Debug|Any CPU
		{B083E3CE-C6B6-4E2A-AD3C-FE7EB55C0415}.Release|Any CPU.ActiveCfg = Release|Any CPU
		{B083E3CE-C6B6-4E2A-AD3C-FE7EB55C0415}.Release|Any CPU.Build.0 = Release|Any CPU
		{F089EA2B-6F07-4DAC-9BB3-2C3F01F80B3C}.Debug|Any CPU.ActiveCfg = Debug|Any CPU
		{F089EA2B-6F07-4DAC-9BB3-2C3F01F80B3C}.Debug|Any CPU.Build.0 = Debug|Any CPU
		{F089EA2B-6F07-4DAC-9BB3-2C3F01F80B3C}.Release|Any CPU.ActiveCfg = Release|Any CPU
		{F089EA2B-6F07-4DAC-9BB3-2C3F01F80B3C}.Release|Any CPU.Build.0 = Release|Any CPU
		{0DDA5B0D-4FCF-4F44-9FE3-FBFB06803116}.Debug|Any CPU.ActiveCfg = Debug|Any CPU
		{0DDA5B0D-4FCF-4F44-9FE3-FBFB06803116}.Debug|Any CPU.Build.0 = Debug|Any CPU
		{0DDA5B0D-4FCF-4F44-9FE3-FBFB06803116}.Release|Any CPU.ActiveCfg = Release|Any CPU
		{0DDA5B0D-4FCF-4F44-9FE3-FBFB06803116}.Release|Any CPU.Build.0 = Release|Any CPU
		{091B3C9E-708C-4ECF-9666-C0A070C46300}.Debug|Any CPU.ActiveCfg = Debug|Any CPU
		{091B3C9E-708C-4ECF-9666-C0A070C46300}.Debug|Any CPU.Build.0 = Debug|Any CPU
		{091B3C9E-708C-4ECF-9666-C0A070C46300}.Release|Any CPU.ActiveCfg = Release|Any CPU
		{091B3C9E-708C-4ECF-9666-C0A070C46300}.Release|Any CPU.Build.0 = Release|Any CPU
		{86437C94-FB80-4099-BA19-10CE3440DD51}.Debug|Any CPU.ActiveCfg = Debug|Any CPU
		{86437C94-FB80-4099-BA19-10CE3440DD51}.Debug|Any CPU.Build.0 = Debug|Any CPU
		{86437C94-FB80-4099-BA19-10CE3440DD51}.Release|Any CPU.ActiveCfg = Release|Any CPU
		{86437C94-FB80-4099-BA19-10CE3440DD51}.Release|Any CPU.Build.0 = Release|Any CPU
		{F55ADD41-600C-4773-9671-467DA795D20D}.Debug|Any CPU.ActiveCfg = Debug|Any CPU
		{F55ADD41-600C-4773-9671-467DA795D20D}.Debug|Any CPU.Build.0 = Debug|Any CPU
		{F55ADD41-600C-4773-9671-467DA795D20D}.Release|Any CPU.ActiveCfg = Release|Any CPU
		{F55ADD41-600C-4773-9671-467DA795D20D}.Release|Any CPU.Build.0 = Release|Any CPU
		{A236B472-44D8-4BBD-9D5C-D43EE5F2AB7B}.Debug|Any CPU.ActiveCfg = Debug|Any CPU
		{A236B472-44D8-4BBD-9D5C-D43EE5F2AB7B}.Debug|Any CPU.Build.0 = Debug|Any CPU
		{A236B472-44D8-4BBD-9D5C-D43EE5F2AB7B}.Release|Any CPU.ActiveCfg = Release|Any CPU
		{A236B472-44D8-4BBD-9D5C-D43EE5F2AB7B}.Release|Any CPU.Build.0 = Release|Any CPU
		{8AF0E36B-5594-4916-8102-97EB690B004F}.Debug|Any CPU.ActiveCfg = Debug|Any CPU
		{8AF0E36B-5594-4916-8102-97EB690B004F}.Debug|Any CPU.Build.0 = Debug|Any CPU
		{8AF0E36B-5594-4916-8102-97EB690B004F}.Release|Any CPU.ActiveCfg = Release|Any CPU
		{8AF0E36B-5594-4916-8102-97EB690B004F}.Release|Any CPU.Build.0 = Release|Any CPU
		{1AD872C4-F5DC-4BA1-9AE4-C9E8CC3CA6B0}.Debug|Any CPU.ActiveCfg = Debug|Any CPU
		{1AD872C4-F5DC-4BA1-9AE4-C9E8CC3CA6B0}.Debug|Any CPU.Build.0 = Debug|Any CPU
		{1AD872C4-F5DC-4BA1-9AE4-C9E8CC3CA6B0}.Release|Any CPU.ActiveCfg = Release|Any CPU
		{1AD872C4-F5DC-4BA1-9AE4-C9E8CC3CA6B0}.Release|Any CPU.Build.0 = Release|Any CPU
		{6BE7E38C-854B-4812-8004-EF72EE0D90C7}.Debug|Any CPU.ActiveCfg = Debug|Any CPU
		{6BE7E38C-854B-4812-8004-EF72EE0D90C7}.Debug|Any CPU.Build.0 = Debug|Any CPU
		{6BE7E38C-854B-4812-8004-EF72EE0D90C7}.Release|Any CPU.ActiveCfg = Release|Any CPU
		{6BE7E38C-854B-4812-8004-EF72EE0D90C7}.Release|Any CPU.Build.0 = Release|Any CPU
		{F1DDF893-9BF3-4574-9BB2-8554FBD6ADFE}.Debug|Any CPU.ActiveCfg = Debug|Any CPU
		{F1DDF893-9BF3-4574-9BB2-8554FBD6ADFE}.Debug|Any CPU.Build.0 = Debug|Any CPU
		{F1DDF893-9BF3-4574-9BB2-8554FBD6ADFE}.Release|Any CPU.ActiveCfg = Release|Any CPU
		{F1DDF893-9BF3-4574-9BB2-8554FBD6ADFE}.Release|Any CPU.Build.0 = Release|Any CPU
		{EE50784A-ECE5-4754-A293-526934D2C69A}.Debug|Any CPU.ActiveCfg = Debug|Any CPU
		{EE50784A-ECE5-4754-A293-526934D2C69A}.Debug|Any CPU.Build.0 = Debug|Any CPU
		{EE50784A-ECE5-4754-A293-526934D2C69A}.Release|Any CPU.ActiveCfg = Release|Any CPU
		{EE50784A-ECE5-4754-A293-526934D2C69A}.Release|Any CPU.Build.0 = Release|Any CPU
		{5C190239-1099-464F-85E2-40DA1FB73DDD}.Debug|Any CPU.ActiveCfg = Debug|Any CPU
		{5C190239-1099-464F-85E2-40DA1FB73DDD}.Debug|Any CPU.Build.0 = Debug|Any CPU
		{5C190239-1099-464F-85E2-40DA1FB73DDD}.Release|Any CPU.ActiveCfg = Release|Any CPU
		{5C190239-1099-464F-85E2-40DA1FB73DDD}.Release|Any CPU.Build.0 = Release|Any CPU
		{D3D58ECC-5E0C-447D-ABB4-FBD05EB2F1FE}.Debug|Any CPU.ActiveCfg = Debug|Any CPU
		{D3D58ECC-5E0C-447D-ABB4-FBD05EB2F1FE}.Debug|Any CPU.Build.0 = Debug|Any CPU
		{D3D58ECC-5E0C-447D-ABB4-FBD05EB2F1FE}.Release|Any CPU.ActiveCfg = Release|Any CPU
		{D3D58ECC-5E0C-447D-ABB4-FBD05EB2F1FE}.Release|Any CPU.Build.0 = Release|Any CPU
		{9B595FE4-7A80-4C32-98D7-72787E90EA05}.Debug|Any CPU.ActiveCfg = Debug|Any CPU
		{9B595FE4-7A80-4C32-98D7-72787E90EA05}.Debug|Any CPU.Build.0 = Debug|Any CPU
		{9B595FE4-7A80-4C32-98D7-72787E90EA05}.Release|Any CPU.ActiveCfg = Release|Any CPU
		{9B595FE4-7A80-4C32-98D7-72787E90EA05}.Release|Any CPU.Build.0 = Release|Any CPU
		{D14326E6-4037-4C79-93E9-CCEF7AF15320}.Debug|Any CPU.ActiveCfg = Debug|Any CPU
		{D14326E6-4037-4C79-93E9-CCEF7AF15320}.Debug|Any CPU.Build.0 = Debug|Any CPU
		{D14326E6-4037-4C79-93E9-CCEF7AF15320}.Release|Any CPU.ActiveCfg = Release|Any CPU
		{D14326E6-4037-4C79-93E9-CCEF7AF15320}.Release|Any CPU.Build.0 = Release|Any CPU
		{E7CCD884-1D55-4CE4-8EC5-8D4841B040B8}.Debug|Any CPU.ActiveCfg = Debug|Any CPU
		{E7CCD884-1D55-4CE4-8EC5-8D4841B040B8}.Debug|Any CPU.Build.0 = Debug|Any CPU
		{E7CCD884-1D55-4CE4-8EC5-8D4841B040B8}.Release|Any CPU.ActiveCfg = Release|Any CPU
		{E7CCD884-1D55-4CE4-8EC5-8D4841B040B8}.Release|Any CPU.Build.0 = Release|Any CPU
		{CF9237E3-3B0C-4F59-AD70-9C6E4C73BB96}.Debug|Any CPU.ActiveCfg = Debug|Any CPU
		{CF9237E3-3B0C-4F59-AD70-9C6E4C73BB96}.Debug|Any CPU.Build.0 = Debug|Any CPU
		{CF9237E3-3B0C-4F59-AD70-9C6E4C73BB96}.Release|Any CPU.ActiveCfg = Release|Any CPU
		{CF9237E3-3B0C-4F59-AD70-9C6E4C73BB96}.Release|Any CPU.Build.0 = Release|Any CPU
		{C925B288-B3D0-4D5E-BE2C-202597B76648}.Debug|Any CPU.ActiveCfg = Debug|Any CPU
		{C925B288-B3D0-4D5E-BE2C-202597B76648}.Debug|Any CPU.Build.0 = Debug|Any CPU
		{C925B288-B3D0-4D5E-BE2C-202597B76648}.Release|Any CPU.ActiveCfg = Release|Any CPU
		{C925B288-B3D0-4D5E-BE2C-202597B76648}.Release|Any CPU.Build.0 = Release|Any CPU
		{D2AFF70B-5CA5-4896-B8E9-2B98B17BAC01}.Debug|Any CPU.ActiveCfg = Debug|Any CPU
		{D2AFF70B-5CA5-4896-B8E9-2B98B17BAC01}.Debug|Any CPU.Build.0 = Debug|Any CPU
		{D2AFF70B-5CA5-4896-B8E9-2B98B17BAC01}.Release|Any CPU.ActiveCfg = Release|Any CPU
		{D2AFF70B-5CA5-4896-B8E9-2B98B17BAC01}.Release|Any CPU.Build.0 = Release|Any CPU
		{41DAF362-377D-44D0-937B-BC290A9DC6E8}.Debug|Any CPU.ActiveCfg = Debug|Any CPU
		{41DAF362-377D-44D0-937B-BC290A9DC6E8}.Debug|Any CPU.Build.0 = Debug|Any CPU
		{41DAF362-377D-44D0-937B-BC290A9DC6E8}.Release|Any CPU.ActiveCfg = Release|Any CPU
		{41DAF362-377D-44D0-937B-BC290A9DC6E8}.Release|Any CPU.Build.0 = Release|Any CPU
		{627ACBAD-8B9E-472F-96EC-99AB50864D16}.Debug|Any CPU.ActiveCfg = Debug|Any CPU
		{627ACBAD-8B9E-472F-96EC-99AB50864D16}.Debug|Any CPU.Build.0 = Debug|Any CPU
		{627ACBAD-8B9E-472F-96EC-99AB50864D16}.Release|Any CPU.ActiveCfg = Release|Any CPU
		{627ACBAD-8B9E-472F-96EC-99AB50864D16}.Release|Any CPU.Build.0 = Release|Any CPU
		{B1C902CF-22E2-48B0-8265-99D5753B75B7}.Debug|Any CPU.ActiveCfg = Debug|Any CPU
		{B1C902CF-22E2-48B0-8265-99D5753B75B7}.Debug|Any CPU.Build.0 = Debug|Any CPU
		{B1C902CF-22E2-48B0-8265-99D5753B75B7}.Release|Any CPU.ActiveCfg = Release|Any CPU
		{B1C902CF-22E2-48B0-8265-99D5753B75B7}.Release|Any CPU.Build.0 = Release|Any CPU
		{814B1A1E-03B1-486E-9640-AEB3F61C8830}.Debug|Any CPU.ActiveCfg = Debug|Any CPU
		{814B1A1E-03B1-486E-9640-AEB3F61C8830}.Debug|Any CPU.Build.0 = Debug|Any CPU
		{814B1A1E-03B1-486E-9640-AEB3F61C8830}.Release|Any CPU.ActiveCfg = Release|Any CPU
		{814B1A1E-03B1-486E-9640-AEB3F61C8830}.Release|Any CPU.Build.0 = Release|Any CPU
		{A987199F-9B41-4461-841A-E3D1EA1A6F30}.Debug|Any CPU.ActiveCfg = Debug|Any CPU
		{A987199F-9B41-4461-841A-E3D1EA1A6F30}.Debug|Any CPU.Build.0 = Debug|Any CPU
		{A987199F-9B41-4461-841A-E3D1EA1A6F30}.Release|Any CPU.ActiveCfg = Release|Any CPU
		{A987199F-9B41-4461-841A-E3D1EA1A6F30}.Release|Any CPU.Build.0 = Release|Any CPU
		{F40C2FA4-686B-422A-A9BB-1C7AF67D39E2}.Debug|Any CPU.ActiveCfg = Debug|Any CPU
		{F40C2FA4-686B-422A-A9BB-1C7AF67D39E2}.Debug|Any CPU.Build.0 = Debug|Any CPU
		{F40C2FA4-686B-422A-A9BB-1C7AF67D39E2}.Release|Any CPU.ActiveCfg = Release|Any CPU
		{F40C2FA4-686B-422A-A9BB-1C7AF67D39E2}.Release|Any CPU.Build.0 = Release|Any CPU
		{4BCEA05D-E0DD-47E8-8970-255B4691BDB3}.Debug|Any CPU.ActiveCfg = Debug|Any CPU
		{4BCEA05D-E0DD-47E8-8970-255B4691BDB3}.Debug|Any CPU.Build.0 = Debug|Any CPU
		{4BCEA05D-E0DD-47E8-8970-255B4691BDB3}.Release|Any CPU.ActiveCfg = Release|Any CPU
		{4BCEA05D-E0DD-47E8-8970-255B4691BDB3}.Release|Any CPU.Build.0 = Release|Any CPU
		{60D2B921-4CD9-4EF7-95F1-6DECDB9B92D5}.Debug|Any CPU.ActiveCfg = Debug|Any CPU
		{60D2B921-4CD9-4EF7-95F1-6DECDB9B92D5}.Debug|Any CPU.Build.0 = Debug|Any CPU
		{60D2B921-4CD9-4EF7-95F1-6DECDB9B92D5}.Release|Any CPU.ActiveCfg = Release|Any CPU
		{60D2B921-4CD9-4EF7-95F1-6DECDB9B92D5}.Release|Any CPU.Build.0 = Release|Any CPU
		{8CFCCA50-D2E6-4954-910D-C2D44BFCBB41}.Debug|Any CPU.ActiveCfg = Debug|Any CPU
		{8CFCCA50-D2E6-4954-910D-C2D44BFCBB41}.Debug|Any CPU.Build.0 = Debug|Any CPU
		{8CFCCA50-D2E6-4954-910D-C2D44BFCBB41}.Release|Any CPU.ActiveCfg = Release|Any CPU
		{8CFCCA50-D2E6-4954-910D-C2D44BFCBB41}.Release|Any CPU.Build.0 = Release|Any CPU
		{AACB747A-AF1F-4634-BC3C-01E28D6B0D3B}.Debug|Any CPU.ActiveCfg = Debug|Any CPU
		{AACB747A-AF1F-4634-BC3C-01E28D6B0D3B}.Debug|Any CPU.Build.0 = Debug|Any CPU
		{AACB747A-AF1F-4634-BC3C-01E28D6B0D3B}.Release|Any CPU.ActiveCfg = Release|Any CPU
		{AACB747A-AF1F-4634-BC3C-01E28D6B0D3B}.Release|Any CPU.Build.0 = Release|Any CPU
		{5261E367-CA0B-4A74-B41F-9BD33E1D3448}.Debug|Any CPU.ActiveCfg = Debug|Any CPU
		{5261E367-CA0B-4A74-B41F-9BD33E1D3448}.Debug|Any CPU.Build.0 = Debug|Any CPU
		{5261E367-CA0B-4A74-B41F-9BD33E1D3448}.Release|Any CPU.ActiveCfg = Release|Any CPU
		{5261E367-CA0B-4A74-B41F-9BD33E1D3448}.Release|Any CPU.Build.0 = Release|Any CPU
		{ED44D6B9-4F29-47B4-8E14-9FD13A53D70B}.Debug|Any CPU.ActiveCfg = Debug|Any CPU
		{ED44D6B9-4F29-47B4-8E14-9FD13A53D70B}.Debug|Any CPU.Build.0 = Debug|Any CPU
		{ED44D6B9-4F29-47B4-8E14-9FD13A53D70B}.Release|Any CPU.ActiveCfg = Release|Any CPU
		{ED44D6B9-4F29-47B4-8E14-9FD13A53D70B}.Release|Any CPU.Build.0 = Release|Any CPU
		{D83E3515-2452-440B-BF32-C05B2518CF08}.Debug|Any CPU.ActiveCfg = Debug|Any CPU
		{D83E3515-2452-440B-BF32-C05B2518CF08}.Debug|Any CPU.Build.0 = Debug|Any CPU
		{D83E3515-2452-440B-BF32-C05B2518CF08}.Release|Any CPU.ActiveCfg = Release|Any CPU
		{D83E3515-2452-440B-BF32-C05B2518CF08}.Release|Any CPU.Build.0 = Release|Any CPU
		{072CF827-80A1-43A7-9662-1D432543EA81}.Debug|Any CPU.ActiveCfg = Debug|Any CPU
		{072CF827-80A1-43A7-9662-1D432543EA81}.Debug|Any CPU.Build.0 = Debug|Any CPU
		{072CF827-80A1-43A7-9662-1D432543EA81}.Release|Any CPU.ActiveCfg = Release|Any CPU
		{072CF827-80A1-43A7-9662-1D432543EA81}.Release|Any CPU.Build.0 = Release|Any CPU
		{79F71AF9-5748-4B83-8E72-C3FBC1475ED9}.Debug|Any CPU.ActiveCfg = Debug|Any CPU
		{79F71AF9-5748-4B83-8E72-C3FBC1475ED9}.Debug|Any CPU.Build.0 = Debug|Any CPU
		{79F71AF9-5748-4B83-8E72-C3FBC1475ED9}.Release|Any CPU.ActiveCfg = Release|Any CPU
		{79F71AF9-5748-4B83-8E72-C3FBC1475ED9}.Release|Any CPU.Build.0 = Release|Any CPU
		{AEC5C168-57FE-49C1-BDDE-3707553959B6}.Debug|Any CPU.ActiveCfg = Debug|Any CPU
		{AEC5C168-57FE-49C1-BDDE-3707553959B6}.Debug|Any CPU.Build.0 = Debug|Any CPU
		{AEC5C168-57FE-49C1-BDDE-3707553959B6}.Release|Any CPU.ActiveCfg = Release|Any CPU
		{AEC5C168-57FE-49C1-BDDE-3707553959B6}.Release|Any CPU.Build.0 = Release|Any CPU
		{1DA7FBAD-55B8-4922-8B28-B9B2147905F1}.Debug|Any CPU.ActiveCfg = Debug|Any CPU
		{1DA7FBAD-55B8-4922-8B28-B9B2147905F1}.Debug|Any CPU.Build.0 = Debug|Any CPU
		{1DA7FBAD-55B8-4922-8B28-B9B2147905F1}.Release|Any CPU.ActiveCfg = Release|Any CPU
		{1DA7FBAD-55B8-4922-8B28-B9B2147905F1}.Release|Any CPU.Build.0 = Release|Any CPU
		{2199E536-6A62-44B8-82C0-AA74E19DA964}.Debug|Any CPU.ActiveCfg = Debug|Any CPU
		{2199E536-6A62-44B8-82C0-AA74E19DA964}.Debug|Any CPU.Build.0 = Debug|Any CPU
		{2199E536-6A62-44B8-82C0-AA74E19DA964}.Release|Any CPU.ActiveCfg = Release|Any CPU
		{2199E536-6A62-44B8-82C0-AA74E19DA964}.Release|Any CPU.Build.0 = Release|Any CPU
		{87BADB5A-C9C1-47FF-9641-5F507E8FBA6C}.Debug|Any CPU.ActiveCfg = Debug|Any CPU
		{87BADB5A-C9C1-47FF-9641-5F507E8FBA6C}.Debug|Any CPU.Build.0 = Debug|Any CPU
		{87BADB5A-C9C1-47FF-9641-5F507E8FBA6C}.Release|Any CPU.ActiveCfg = Release|Any CPU
		{87BADB5A-C9C1-47FF-9641-5F507E8FBA6C}.Release|Any CPU.Build.0 = Release|Any CPU
		{979602B1-E478-4F91-AE39-810AD27B7B60}.Debug|Any CPU.ActiveCfg = Debug|Any CPU
		{979602B1-E478-4F91-AE39-810AD27B7B60}.Debug|Any CPU.Build.0 = Debug|Any CPU
		{979602B1-E478-4F91-AE39-810AD27B7B60}.Release|Any CPU.ActiveCfg = Release|Any CPU
		{979602B1-E478-4F91-AE39-810AD27B7B60}.Release|Any CPU.Build.0 = Release|Any CPU
		{1C43AB27-8590-4B6A-AFBB-F9C13394C804}.Debug|Any CPU.ActiveCfg = Debug|Any CPU
		{1C43AB27-8590-4B6A-AFBB-F9C13394C804}.Debug|Any CPU.Build.0 = Debug|Any CPU
		{1C43AB27-8590-4B6A-AFBB-F9C13394C804}.Release|Any CPU.ActiveCfg = Release|Any CPU
		{1C43AB27-8590-4B6A-AFBB-F9C13394C804}.Release|Any CPU.Build.0 = Release|Any CPU
		{CCADD469-0BE7-451D-BF84-8196A45B6C05}.Debug|Any CPU.ActiveCfg = Debug|Any CPU
		{CCADD469-0BE7-451D-BF84-8196A45B6C05}.Debug|Any CPU.Build.0 = Debug|Any CPU
		{CCADD469-0BE7-451D-BF84-8196A45B6C05}.Release|Any CPU.ActiveCfg = Release|Any CPU
		{CCADD469-0BE7-451D-BF84-8196A45B6C05}.Release|Any CPU.Build.0 = Release|Any CPU
		{38571225-F96F-4948-9299-D8F95EAE0FE7}.Debug|Any CPU.ActiveCfg = Debug|Any CPU
		{38571225-F96F-4948-9299-D8F95EAE0FE7}.Debug|Any CPU.Build.0 = Debug|Any CPU
		{38571225-F96F-4948-9299-D8F95EAE0FE7}.Release|Any CPU.ActiveCfg = Release|Any CPU
		{38571225-F96F-4948-9299-D8F95EAE0FE7}.Release|Any CPU.Build.0 = Release|Any CPU
	EndGlobalSection
	GlobalSection(SolutionProperties) = preSolution
		HideSolutionNode = FALSE
	EndGlobalSection
	GlobalSection(ExtensibilityGlobals) = postSolution
		SolutionGuid = {9F22C5D8-F72C-413B-9CAD-5F31DBA714EE}
	EndGlobalSection
EndGlobal
