
Microsoft Visual Studio Solution File, Format Version 12.00
# Visual Studio Version 17
VisualStudioVersion = 17.4.33110.190
MinimumVisualStudioVersion = 10.0.40219.1
Project("{9A19103F-16F7-4668-BE54-9A1E7A4F7556}") = "DataUpdate", "DataUpdate\DataUpdate.csproj", "{AC31B036-448F-4C2B-9BEE-74EC24DB2819}"
EndProject
Project("{9A19103F-16F7-4668-BE54-9A1E7A4F7556}") = "DataDelete", "DataDelete\DataDelete.csproj", "{47468411-61B3-405B-9919-D04391EED0DD}"
EndProject
Project("{9A19103F-16F7-4668-BE54-9A1E7A4F7556}") = "Quering", "Quering\Quering.csproj", "{0DBD3A32-6DD7-48BB-9900-D12C1EA1F733}"
EndProject
Project("{9A19103F-16F7-4668-BE54-9A1E7A4F7556}") = "ChangeTracker", "ChangeTracker\ChangeTracker.csproj", "{B083E3CE-C6B6-4E2A-AD3C-FE7EB55C0415}"
EndProject
Project("{9A19103F-16F7-4668-BE54-9A1E7A4F7556}") = "Tracking", "Tracking\Tracking.csproj", "{F089EA2B-6F07-4DAC-9BB3-2C3F01F80B3C}"
EndProject
Project("{9A19103F-16F7-4668-BE54-9A1E7A4F7556}") = "Relationships", "Relationships\Relationships.csproj", "{0DDA5B0D-4FCF-4F44-9FE3-FBFB06803116}"
EndProject
Project("{9A19103F-16F7-4668-BE54-9A1E7A4F7556}") = "One_to_One_Relationship", "One_to_One_Relationship\One_to_One_Relationship.csproj", "{091B3C9E-708C-4ECF-9666-C0A070C46300}"
EndProject
Project("{9A19103F-16F7-4668-BE54-9A1E7A4F7556}") = "One_to_Many_Relationship", "One_to_Many_Relationship\One_to_Many_Relationship.csproj", "{86437C94-FB80-4099-BA19-10CE3440DD51}"
EndProject
Project("{9A19103F-16F7-4668-BE54-9A1E7A4F7556}") = "Many_to_Many_Relationship", "Many_to_Many_Relationship\Many_to_Many_Relationship.csproj", "{F55ADD41-600C-4773-9671-467DA795D20D}"
EndProject
Project("{9A19103F-16F7-4668-BE54-9A1E7A4F7556}") = "Saving_Related_Data", "Saving_Related_Data\Saving_Related_Data.csproj", "{A236B472-44D8-4BBD-9D5C-D43EE5F2AB7B}"
EndProject
Project("{9A19103F-16F7-4668-BE54-9A1E7A4F7556}") = "Updating_Releted_Data", "Updating_Releted_Data\Updating_Releted_Data.csproj", "{8AF0E36B-5594-4916-8102-97EB690B004F}"
EndProject
Project("{9A19103F-16F7-4668-BE54-9A1E7A4F7556}") = "Deleting_Releated_Data", "Deleting_Releated_Data\Deleting_Releated_Data.csproj", "{1AD872C4-F5DC-4BA1-9AE4-C9E8CC3CA6B0}"
EndProject
Project("{FAE04EC0-301F-11D3-BF4B-00C04F79EFBC}") = "Backing_Fields", "Backing_Fields\Backing_Fields.csproj", "{6BE7E38C-854B-4812-8004-EF72EE0D90C7}"
EndProject
Global
	GlobalSection(SolutionConfigurationPlatforms) = preSolution
		Debug|Any CPU = Debug|Any CPU
		Release|Any CPU = Release|Any CPU
	EndGlobalSection
	GlobalSection(ProjectConfigurationPlatforms) = postSolution
		{AC31B036-448F-4C2B-9BEE-74EC24DB2819}.Debug|Any CPU.ActiveCfg = Debug|Any CPU
		{AC31B036-448F-4C2B-9BEE-74EC24DB2819}.Debug|Any CPU.Build.0 = Debug|Any CPU
		{AC31B036-448F-4C2B-9BEE-74EC24DB2819}.Release|Any CPU.ActiveCfg = Release|Any CPU
		{AC31B036-448F-4C2B-9BEE-74EC24DB2819}.Release|Any CPU.Build.0 = Release|Any CPU
		{47468411-61B3-405B-9919-D04391EED0DD}.Debug|Any CPU.ActiveCfg = Debug|Any CPU
		{47468411-61B3-405B-9919-D04391EED0DD}.Debug|Any CPU.Build.0 = Debug|Any CPU
		{47468411-61B3-405B-9919-D04391EED0DD}.Release|Any CPU.ActiveCfg = Release|Any CPU
		{47468411-61B3-405B-9919-D04391EED0DD}.Release|Any CPU.Build.0 = Release|Any CPU
		{0DBD3A32-6DD7-48BB-9900-D12C1EA1F733}.Debug|Any CPU.ActiveCfg = Debug|Any CPU
		{0DBD3A32-6DD7-48BB-9900-D12C1EA1F733}.Debug|Any CPU.Build.0 = Debug|Any CPU
		{0DBD3A32-6DD7-48BB-9900-D12C1EA1F733}.Release|Any CPU.ActiveCfg = Release|Any CPU
		{0DBD3A32-6DD7-48BB-9900-D12C1EA1F733}.Release|Any CPU.Build.0 = Release|Any CPU
		{B083E3CE-C6B6-4E2A-AD3C-FE7EB55C0415}.Debug|Any CPU.ActiveCfg = Debug|Any CPU
		{B083E3CE-C6B6-4E2A-AD3C-FE7EB55C0415}.Debug|Any CPU.Build.0 = Debug|Any CPU
		{B083E3CE-C6B6-4E2A-AD3C-FE7EB55C0415}.Release|Any CPU.ActiveCfg = Release|Any CPU
		{B083E3CE-C6B6-4E2A-AD3C-FE7EB55C0415}.Release|Any CPU.Build.0 = Release|Any CPU
		{F089EA2B-6F07-4DAC-9BB3-2C3F01F80B3C}.Debug|Any CPU.ActiveCfg = Debug|Any CPU
		{F089EA2B-6F07-4DAC-9BB3-2C3F01F80B3C}.Debug|Any CPU.Build.0 = Debug|Any CPU
		{F089EA2B-6F07-4DAC-9BB3-2C3F01F80B3C}.Release|Any CPU.ActiveCfg = Release|Any CPU
		{F089EA2B-6F07-4DAC-9BB3-2C3F01F80B3C}.Release|Any CPU.Build.0 = Release|Any CPU
		{0DDA5B0D-4FCF-4F44-9FE3-FBFB06803116}.Debug|Any CPU.ActiveCfg = Debug|Any CPU
		{0DDA5B0D-4FCF-4F44-9FE3-FBFB06803116}.Debug|Any CPU.Build.0 = Debug|Any CPU
		{0DDA5B0D-4FCF-4F44-9FE3-FBFB06803116}.Release|Any CPU.ActiveCfg = Release|Any CPU
		{0DDA5B0D-4FCF-4F44-9FE3-FBFB06803116}.Release|Any CPU.Build.0 = Release|Any CPU
		{091B3C9E-708C-4ECF-9666-C0A070C46300}.Debug|Any CPU.ActiveCfg = Debug|Any CPU
		{091B3C9E-708C-4ECF-9666-C0A070C46300}.Debug|Any CPU.Build.0 = Debug|Any CPU
		{091B3C9E-708C-4ECF-9666-C0A070C46300}.Release|Any CPU.ActiveCfg = Release|Any CPU
		{091B3C9E-708C-4ECF-9666-C0A070C46300}.Release|Any CPU.Build.0 = Release|Any CPU
		{86437C94-FB80-4099-BA19-10CE3440DD51}.Debug|Any CPU.ActiveCfg = Debug|Any CPU
		{86437C94-FB80-4099-BA19-10CE3440DD51}.Debug|Any CPU.Build.0 = Debug|Any CPU
		{86437C94-FB80-4099-BA19-10CE3440DD51}.Release|Any CPU.ActiveCfg = Release|Any CPU
		{86437C94-FB80-4099-BA19-10CE3440DD51}.Release|Any CPU.Build.0 = Release|Any CPU
		{F55ADD41-600C-4773-9671-467DA795D20D}.Debug|Any CPU.ActiveCfg = Debug|Any CPU
		{F55ADD41-600C-4773-9671-467DA795D20D}.Debug|Any CPU.Build.0 = Debug|Any CPU
		{F55ADD41-600C-4773-9671-467DA795D20D}.Release|Any CPU.ActiveCfg = Release|Any CPU
		{F55ADD41-600C-4773-9671-467DA795D20D}.Release|Any CPU.Build.0 = Release|Any CPU
		{A236B472-44D8-4BBD-9D5C-D43EE5F2AB7B}.Debug|Any CPU.ActiveCfg = Debug|Any CPU
		{A236B472-44D8-4BBD-9D5C-D43EE5F2AB7B}.Debug|Any CPU.Build.0 = Debug|Any CPU
		{A236B472-44D8-4BBD-9D5C-D43EE5F2AB7B}.Release|Any CPU.ActiveCfg = Release|Any CPU
		{A236B472-44D8-4BBD-9D5C-D43EE5F2AB7B}.Release|Any CPU.Build.0 = Release|Any CPU
		{8AF0E36B-5594-4916-8102-97EB690B004F}.Debug|Any CPU.ActiveCfg = Debug|Any CPU
		{8AF0E36B-5594-4916-8102-97EB690B004F}.Debug|Any CPU.Build.0 = Debug|Any CPU
		{8AF0E36B-5594-4916-8102-97EB690B004F}.Release|Any CPU.ActiveCfg = Release|Any CPU
		{8AF0E36B-5594-4916-8102-97EB690B004F}.Release|Any CPU.Build.0 = Release|Any CPU
		{1AD872C4-F5DC-4BA1-9AE4-C9E8CC3CA6B0}.Debug|Any CPU.ActiveCfg = Debug|Any CPU
		{1AD872C4-F5DC-4BA1-9AE4-C9E8CC3CA6B0}.Debug|Any CPU.Build.0 = Debug|Any CPU
		{1AD872C4-F5DC-4BA1-9AE4-C9E8CC3CA6B0}.Release|Any CPU.ActiveCfg = Release|Any CPU
		{1AD872C4-F5DC-4BA1-9AE4-C9E8CC3CA6B0}.Release|Any CPU.Build.0 = Release|Any CPU
		{6BE7E38C-854B-4812-8004-EF72EE0D90C7}.Debug|Any CPU.ActiveCfg = Debug|Any CPU
		{6BE7E38C-854B-4812-8004-EF72EE0D90C7}.Debug|Any CPU.Build.0 = Debug|Any CPU
		{6BE7E38C-854B-4812-8004-EF72EE0D90C7}.Release|Any CPU.ActiveCfg = Release|Any CPU
		{6BE7E38C-854B-4812-8004-EF72EE0D90C7}.Release|Any CPU.Build.0 = Release|Any CPU
	EndGlobalSection
	GlobalSection(SolutionProperties) = preSolution
		HideSolutionNode = FALSE
	EndGlobalSection
	GlobalSection(ExtensibilityGlobals) = postSolution
		SolutionGuid = {9F22C5D8-F72C-413B-9CAD-5F31DBA714EE}
	EndGlobalSection
EndGlobal
